
Microsoft Visual Studio Solution File, Format Version 12.00
# Visual Studio Version 16
VisualStudioVersion = 16.0.30709.132
MinimumVisualStudioVersion = 10.0.40219.1
Project("{FAE04EC0-301F-11D3-BF4B-00C04F79EFBC}") = "NestedLayouts", "NestedLayouts\NestedLayouts.csproj", "{A4F68757-AC39-4008-81F4-595606F31519}"
EndProject
Global
	GlobalSection(SolutionConfigurationPlatforms) = preSolution
		Debug|Any CPU = Debug|Any CPU
		Release|Any CPU = Release|Any CPU
	EndGlobalSection
	GlobalSection(ProjectConfigurationPlatforms) = postSolution
		{A4F68757-AC39-4008-81F4-595606F31519}.Debug|Any CPU.ActiveCfg = Debug|Any CPU
		{A4F68757-AC39-4008-81F4-595606F31519}.Debug|Any CPU.Build.0 = Debug|Any CPU
		{A4F68757-AC39-4008-81F4-595606F31519}.Release|Any CPU.ActiveCfg = Release|Any CPU
		{A4F68757-AC39-4008-81F4-595606F31519}.Release|Any CPU.Build.0 = Release|Any CPU
	EndGlobalSection
	GlobalSection(SolutionProperties) = preSolution
		HideSolutionNode = FALSE
	EndGlobalSection
	GlobalSection(ExtensibilityGlobals) = postSolution
		SolutionGuid = {9578812B-8DAA-47A3-B1EB-65155E463477}
	EndGlobalSection
EndGlobal
