
Microsoft Visual Studio Solution File, Format Version 12.00
# Visual Studio Version 16
VisualStudioVersion = 16.0.29920.165
MinimumVisualStudioVersion = 10.0.40219.1
Project("{FAE04EC0-301F-11D3-BF4B-00C04F79EFBC}") = "NestedLayouts", "NestedLayouts\NestedLayouts.csproj", "{1EBE2D47-4D06-4AB9-B7C5-06A325721AB2}"
EndProject
Global
	GlobalSection(SolutionConfigurationPlatforms) = preSolution
		Debug|Any CPU = Debug|Any CPU
		Release|Any CPU = Release|Any CPU
	EndGlobalSection
	GlobalSection(ProjectConfigurationPlatforms) = postSolution
		{1EBE2D47-4D06-4AB9-B7C5-06A325721AB2}.Debug|Any CPU.ActiveCfg = Debug|Any CPU
		{1EBE2D47-4D06-4AB9-B7C5-06A325721AB2}.Debug|Any CPU.Build.0 = Debug|Any CPU
		{1EBE2D47-4D06-4AB9-B7C5-06A325721AB2}.Release|Any CPU.ActiveCfg = Release|Any CPU
		{1EBE2D47-4D06-4AB9-B7C5-06A325721AB2}.Release|Any CPU.Build.0 = Release|Any CPU
	EndGlobalSection
	GlobalSection(SolutionProperties) = preSolution
		HideSolutionNode = FALSE
	EndGlobalSection
	GlobalSection(ExtensibilityGlobals) = postSolution
		SolutionGuid = {4C3CBF10-0C54-43E8-9C0D-6A37BB55EDD0}
	EndGlobalSection
EndGlobal
