
Microsoft Visual Studio Solution File, Format Version 12.00
# Visual Studio Version 16
VisualStudioVersion = 16.0.29920.165
MinimumVisualStudioVersion = 10.0.40219.1
Project("{FAE04EC0-301F-11D3-BF4B-00C04F79EFBC}") = "ToDoList", "ToDoList\ToDoList.csproj", "{F5F6779B-A362-42FF-A110-ED789427E28C}"
EndProject
Global
	GlobalSection(SolutionConfigurationPlatforms) = preSolution
		Debug|Any CPU = Debug|Any CPU
		Release|Any CPU = Release|Any CPU
	EndGlobalSection
	GlobalSection(ProjectConfigurationPlatforms) = postSolution
		{F5F6779B-A362-42FF-A110-ED789427E28C}.Debug|Any CPU.ActiveCfg = Debug|Any CPU
		{F5F6779B-A362-42FF-A110-ED789427E28C}.Debug|Any CPU.Build.0 = Debug|Any CPU
		{F5F6779B-A362-42FF-A110-ED789427E28C}.Release|Any CPU.ActiveCfg = Release|Any CPU
		{F5F6779B-A362-42FF-A110-ED789427E28C}.Release|Any CPU.Build.0 = Release|Any CPU
	EndGlobalSection
	GlobalSection(SolutionProperties) = preSolution
		HideSolutionNode = FALSE
	EndGlobalSection
	GlobalSection(ExtensibilityGlobals) = postSolution
		SolutionGuid = {4924EF80-21CA-4B15-8B69-2044A7F6A6AB}
	EndGlobalSection
EndGlobal
