
Microsoft Visual Studio Solution File, Format Version 12.00
# Visual Studio Version 16
VisualStudioVersion = 16.0.29920.165
MinimumVisualStudioVersion = 10.0.40219.1
Project("{FAE04EC0-301F-11D3-BF4B-00C04F79EFBC}") = "FluentValidationConverter", "FluentValidationConverter\FluentValidationConverter.csproj", "{AADF4002-1EEE-4579-BA5F-7837E63B37DF}"
EndProject
Global
	GlobalSection(SolutionConfigurationPlatforms) = preSolution
		Debug|Any CPU = Debug|Any CPU
		Release|Any CPU = Release|Any CPU
	EndGlobalSection
	GlobalSection(ProjectConfigurationPlatforms) = postSolution
		{AADF4002-1EEE-4579-BA5F-7837E63B37DF}.Debug|Any CPU.ActiveCfg = Debug|Any CPU
		{AADF4002-1EEE-4579-BA5F-7837E63B37DF}.Debug|Any CPU.Build.0 = Debug|Any CPU
		{AADF4002-1EEE-4579-BA5F-7837E63B37DF}.Release|Any CPU.ActiveCfg = Release|Any CPU
		{AADF4002-1EEE-4579-BA5F-7837E63B37DF}.Release|Any CPU.Build.0 = Release|Any CPU
	EndGlobalSection
	GlobalSection(SolutionProperties) = preSolution
		HideSolutionNode = FALSE
	EndGlobalSection
	GlobalSection(ExtensibilityGlobals) = postSolution
		SolutionGuid = {675636BA-8CCE-4261-9C71-5575516DE202}
	EndGlobalSection
EndGlobal
