
Microsoft Visual Studio Solution File, Format Version 12.00
# Visual Studio Version 16
VisualStudioVersion = 16.0.30309.148
MinimumVisualStudioVersion = 10.0.40219.1
Project("{FAE04EC0-301F-11D3-BF4B-00C04F79EFBC}") = "BackgroundServiceCache", "BackgroundServiceCache\BackgroundServiceCache.csproj", "{5A465FF4-4FE7-43F8-8A97-C48E2991F5C5}"
EndProject
Global
	GlobalSection(SolutionConfigurationPlatforms) = preSolution
		Debug|Any CPU = Debug|Any CPU
		Release|Any CPU = Release|Any CPU
	EndGlobalSection
	GlobalSection(ProjectConfigurationPlatforms) = postSolution
		{5A465FF4-4FE7-43F8-8A97-C48E2991F5C5}.Debug|Any CPU.ActiveCfg = Debug|Any CPU
		{5A465FF4-4FE7-43F8-8A97-C48E2991F5C5}.Debug|Any CPU.Build.0 = Debug|Any CPU
		{5A465FF4-4FE7-43F8-8A97-C48E2991F5C5}.Release|Any CPU.ActiveCfg = Release|Any CPU
		{5A465FF4-4FE7-43F8-8A97-C48E2991F5C5}.Release|Any CPU.Build.0 = Release|Any CPU
	EndGlobalSection
	GlobalSection(SolutionProperties) = preSolution
		HideSolutionNode = FALSE
	EndGlobalSection
	GlobalSection(ExtensibilityGlobals) = postSolution
		SolutionGuid = {A4F775D9-10A7-4412-A873-F15AB39145DB}
	EndGlobalSection
EndGlobal
