
Microsoft Visual Studio Solution File, Format Version 12.00
# Visual Studio Version 16
VisualStudioVersion = 16.0.30128.74
MinimumVisualStudioVersion = 10.0.40219.1
Project("{FAE04EC0-301F-11D3-BF4B-00C04F79EFBC}") = "shopping.com", "shopping.com\shopping.com.csproj", "{F6DB40B7-ECBC-48F9-A63D-AFCF6E5C5A05}"
EndProject
Project("{FAE04EC0-301F-11D3-BF4B-00C04F79EFBC}") = "api.shopping.com", "api.shopping.com\api.shopping.com.csproj", "{F9917653-52A5-4F90-9946-78D0FC66486F}"
EndProject
Global
	GlobalSection(SolutionConfigurationPlatforms) = preSolution
		Debug|Any CPU = Debug|Any CPU
		Release|Any CPU = Release|Any CPU
	EndGlobalSection
	GlobalSection(ProjectConfigurationPlatforms) = postSolution
		{F6DB40B7-ECBC-48F9-A63D-AFCF6E5C5A05}.Debug|Any CPU.ActiveCfg = Debug|Any CPU
		{F6DB40B7-ECBC-48F9-A63D-AFCF6E5C5A05}.Debug|Any CPU.Build.0 = Debug|Any CPU
		{F6DB40B7-ECBC-48F9-A63D-AFCF6E5C5A05}.Release|Any CPU.ActiveCfg = Release|Any CPU
		{F6DB40B7-ECBC-48F9-A63D-AFCF6E5C5A05}.Release|Any CPU.Build.0 = Release|Any CPU
		{F9917653-52A5-4F90-9946-78D0FC66486F}.Debug|Any CPU.ActiveCfg = Debug|Any CPU
		{F9917653-52A5-4F90-9946-78D0FC66486F}.Debug|Any CPU.Build.0 = Debug|Any CPU
		{F9917653-52A5-4F90-9946-78D0FC66486F}.Release|Any CPU.ActiveCfg = Release|Any CPU
		{F9917653-52A5-4F90-9946-78D0FC66486F}.Release|Any CPU.Build.0 = Release|Any CPU
	EndGlobalSection
	GlobalSection(SolutionProperties) = preSolution
		HideSolutionNode = FALSE
	EndGlobalSection
	GlobalSection(ExtensibilityGlobals) = postSolution
		SolutionGuid = {CE0EB981-14EB-4658-9E25-84D201BFB75E}
	EndGlobalSection
EndGlobal
