
Microsoft Visual Studio Solution File, Format Version 12.00
# Visual Studio Version 16
VisualStudioVersion = 16.0.30309.148
MinimumVisualStudioVersion = 10.0.40219.1
Project("{FAE04EC0-301F-11D3-BF4B-00C04F79EFBC}") = "SystemdService", "SystemdService\SystemdService.csproj", "{BE11F90D-06AE-43E8-94C4-6AE24F518583}"
EndProject
Global
	GlobalSection(SolutionConfigurationPlatforms) = preSolution
		Debug|Any CPU = Debug|Any CPU
		Release|Any CPU = Release|Any CPU
	EndGlobalSection
	GlobalSection(ProjectConfigurationPlatforms) = postSolution
		{BE11F90D-06AE-43E8-94C4-6AE24F518583}.Debug|Any CPU.ActiveCfg = Debug|Any CPU
		{BE11F90D-06AE-43E8-94C4-6AE24F518583}.Debug|Any CPU.Build.0 = Debug|Any CPU
		{BE11F90D-06AE-43E8-94C4-6AE24F518583}.Release|Any CPU.ActiveCfg = Release|Any CPU
		{BE11F90D-06AE-43E8-94C4-6AE24F518583}.Release|Any CPU.Build.0 = Release|Any CPU
	EndGlobalSection
	GlobalSection(SolutionProperties) = preSolution
		HideSolutionNode = FALSE
	EndGlobalSection
	GlobalSection(ExtensibilityGlobals) = postSolution
		SolutionGuid = {5FD436B6-61D8-4821-A945-D7E5464B0FE6}
	EndGlobalSection
EndGlobal
