
Microsoft Visual Studio Solution File, Format Version 12.00
# Visual Studio Version 16
VisualStudioVersion = 16.0.30709.132
MinimumVisualStudioVersion = 10.0.40219.1
Project("{FAE04EC0-301F-11D3-BF4B-00C04F79EFBC}") = "UsingDifferentEnvironments", "UsingDifferentEnvironments\UsingDifferentEnvironments.csproj", "{95C071F2-4D39-4CA3-BA4E-7B83093B3739}"
EndProject
Global
	GlobalSection(SolutionConfigurationPlatforms) = preSolution
		Debug|Any CPU = Debug|Any CPU
		Release|Any CPU = Release|Any CPU
	EndGlobalSection
	GlobalSection(ProjectConfigurationPlatforms) = postSolution
		{95C071F2-4D39-4CA3-BA4E-7B83093B3739}.Debug|Any CPU.ActiveCfg = Debug|Any CPU
		{95C071F2-4D39-4CA3-BA4E-7B83093B3739}.Debug|Any CPU.Build.0 = Debug|Any CPU
		{95C071F2-4D39-4CA3-BA4E-7B83093B3739}.Release|Any CPU.ActiveCfg = Release|Any CPU
		{95C071F2-4D39-4CA3-BA4E-7B83093B3739}.Release|Any CPU.Build.0 = Release|Any CPU
	EndGlobalSection
	GlobalSection(SolutionProperties) = preSolution
		HideSolutionNode = FALSE
	EndGlobalSection
	GlobalSection(ExtensibilityGlobals) = postSolution
		SolutionGuid = {2A564E44-F24F-4728-B775-B4BF266C7255}
	EndGlobalSection
EndGlobal
