
Microsoft Visual Studio Solution File, Format Version 12.00
# Visual Studio Version 16
VisualStudioVersion = 16.0.29920.165
MinimumVisualStudioVersion = 10.0.40219.1
Project("{FAE04EC0-301F-11D3-BF4B-00C04F79EFBC}") = "CurrencyConverter", "CurrencyConverter\CurrencyConverter.csproj", "{BF17626E-0289-4D9D-BE8A-C75F0896EF5F}"
EndProject
Global
	GlobalSection(SolutionConfigurationPlatforms) = preSolution
		Debug|Any CPU = Debug|Any CPU
		Release|Any CPU = Release|Any CPU
	EndGlobalSection
	GlobalSection(ProjectConfigurationPlatforms) = postSolution
		{BF17626E-0289-4D9D-BE8A-C75F0896EF5F}.Debug|Any CPU.ActiveCfg = Debug|Any CPU
		{BF17626E-0289-4D9D-BE8A-C75F0896EF5F}.Debug|Any CPU.Build.0 = Debug|Any CPU
		{BF17626E-0289-4D9D-BE8A-C75F0896EF5F}.Release|Any CPU.ActiveCfg = Release|Any CPU
		{BF17626E-0289-4D9D-BE8A-C75F0896EF5F}.Release|Any CPU.Build.0 = Release|Any CPU
	EndGlobalSection
	GlobalSection(SolutionProperties) = preSolution
		HideSolutionNode = FALSE
	EndGlobalSection
	GlobalSection(ExtensibilityGlobals) = postSolution
		SolutionGuid = {9D6F4121-C7C5-427A-B54E-808756115454}
	EndGlobalSection
EndGlobal
