
Microsoft Visual Studio Solution File, Format Version 12.00
# Visual Studio Version 16
VisualStudioVersion = 16.0.30011.22
MinimumVisualStudioVersion = 10.0.40219.1
Project("{FAE04EC0-301F-11D3-BF4B-00C04F79EFBC}") = "ProblemDetailsExample", "ProblemDetailsExample\ProblemDetailsExample.csproj", "{BE476529-1206-4ECF-9C7F-D526C542C6F2}"
EndProject
Global
	GlobalSection(SolutionConfigurationPlatforms) = preSolution
		Debug|Any CPU = Debug|Any CPU
		Release|Any CPU = Release|Any CPU
	EndGlobalSection
	GlobalSection(ProjectConfigurationPlatforms) = postSolution
		{BE476529-1206-4ECF-9C7F-D526C542C6F2}.Debug|Any CPU.ActiveCfg = Debug|Any CPU
		{BE476529-1206-4ECF-9C7F-D526C542C6F2}.Debug|Any CPU.Build.0 = Debug|Any CPU
		{BE476529-1206-4ECF-9C7F-D526C542C6F2}.Release|Any CPU.ActiveCfg = Release|Any CPU
		{BE476529-1206-4ECF-9C7F-D526C542C6F2}.Release|Any CPU.Build.0 = Release|Any CPU
	EndGlobalSection
	GlobalSection(SolutionProperties) = preSolution
		HideSolutionNode = FALSE
	EndGlobalSection
	GlobalSection(ExtensibilityGlobals) = postSolution
		SolutionGuid = {5CA781A4-44A1-4F4F-AD0E-B83F9416E15B}
	EndGlobalSection
EndGlobal
