
Microsoft Visual Studio Solution File, Format Version 12.00
# Visual Studio Version 16
VisualStudioVersion = 16.0.30709.132
MinimumVisualStudioVersion = 10.0.40219.1
Project("{FAE04EC0-301F-11D3-BF4B-00C04F79EFBC}") = "BankingApplication", "BankingApplication\BankingApplication.csproj", "{5F3F2295-EEB0-4A82-909D-C12204D17144}"
EndProject
Project("{FAE04EC0-301F-11D3-BF4B-00C04F79EFBC}") = "MaliciousAttackerWebsite", "MaliciousAttackerWebsite\MaliciousAttackerWebsite.csproj", "{A9344677-04AE-46A0-AA7E-C060E92E4F26}"
EndProject
Global
	GlobalSection(SolutionConfigurationPlatforms) = preSolution
		Debug|Any CPU = Debug|Any CPU
		Release|Any CPU = Release|Any CPU
	EndGlobalSection
	GlobalSection(ProjectConfigurationPlatforms) = postSolution
		{5F3F2295-EEB0-4A82-909D-C12204D17144}.Debug|Any CPU.ActiveCfg = Debug|Any CPU
		{5F3F2295-EEB0-4A82-909D-C12204D17144}.Debug|Any CPU.Build.0 = Debug|Any CPU
		{5F3F2295-EEB0-4A82-909D-C12204D17144}.Release|Any CPU.ActiveCfg = Release|Any CPU
		{5F3F2295-EEB0-4A82-909D-C12204D17144}.Release|Any CPU.Build.0 = Release|Any CPU
		{A9344677-04AE-46A0-AA7E-C060E92E4F26}.Debug|Any CPU.ActiveCfg = Debug|Any CPU
		{A9344677-04AE-46A0-AA7E-C060E92E4F26}.Debug|Any CPU.Build.0 = Debug|Any CPU
		{A9344677-04AE-46A0-AA7E-C060E92E4F26}.Release|Any CPU.ActiveCfg = Release|Any CPU
		{A9344677-04AE-46A0-AA7E-C060E92E4F26}.Release|Any CPU.Build.0 = Release|Any CPU
	EndGlobalSection
	GlobalSection(SolutionProperties) = preSolution
		HideSolutionNode = FALSE
	EndGlobalSection
	GlobalSection(ExtensibilityGlobals) = postSolution
		SolutionGuid = {70CE02F5-4225-4077-977C-55664A64A78C}
	EndGlobalSection
EndGlobal
