
Microsoft Visual Studio Solution File, Format Version 12.00
# Visual Studio Version 16
VisualStudioVersion = 16.0.29920.165
MinimumVisualStudioVersion = 10.0.40219.1
Project("{FAE04EC0-301F-11D3-BF4B-00C04F79EFBC}") = "ExampleBinding", "ExampleBinding\ExampleBinding.csproj", "{A2E99612-53D8-443C-9654-A6121FEB1DB4}"
EndProject
Global
	GlobalSection(SolutionConfigurationPlatforms) = preSolution
		Debug|Any CPU = Debug|Any CPU
		Release|Any CPU = Release|Any CPU
	EndGlobalSection
	GlobalSection(ProjectConfigurationPlatforms) = postSolution
		{A2E99612-53D8-443C-9654-A6121FEB1DB4}.Debug|Any CPU.ActiveCfg = Debug|Any CPU
		{A2E99612-53D8-443C-9654-A6121FEB1DB4}.Debug|Any CPU.Build.0 = Debug|Any CPU
		{A2E99612-53D8-443C-9654-A6121FEB1DB4}.Release|Any CPU.ActiveCfg = Release|Any CPU
		{A2E99612-53D8-443C-9654-A6121FEB1DB4}.Release|Any CPU.Build.0 = Release|Any CPU
	EndGlobalSection
	GlobalSection(SolutionProperties) = preSolution
		HideSolutionNode = FALSE
	EndGlobalSection
	GlobalSection(ExtensibilityGlobals) = postSolution
		SolutionGuid = {941E3F39-304A-4957-8F59-759B3EC67944}
	EndGlobalSection
EndGlobal
