
Microsoft Visual Studio Solution File, Format Version 12.00
# Visual Studio Version 16
VisualStudioVersion = 16.0.29806.167
MinimumVisualStudioVersion = 10.0.40219.1
Project("{FAE04EC0-301F-11D3-BF4B-00C04F79EFBC}") = "SimpleRazorPagesApplication", "SimpleRazorPagesApplication\SimpleRazorPagesApplication.csproj", "{AC4B54DB-0495-4B04-9400-EC006C92AF72}"
EndProject
Global
	GlobalSection(SolutionConfigurationPlatforms) = preSolution
		Debug|Any CPU = Debug|Any CPU
		Release|Any CPU = Release|Any CPU
	EndGlobalSection
	GlobalSection(ProjectConfigurationPlatforms) = postSolution
		{AC4B54DB-0495-4B04-9400-EC006C92AF72}.Debug|Any CPU.ActiveCfg = Debug|Any CPU
		{AC4B54DB-0495-4B04-9400-EC006C92AF72}.Debug|Any CPU.Build.0 = Debug|Any CPU
		{AC4B54DB-0495-4B04-9400-EC006C92AF72}.Release|Any CPU.ActiveCfg = Release|Any CPU
		{AC4B54DB-0495-4B04-9400-EC006C92AF72}.Release|Any CPU.Build.0 = Release|Any CPU
	EndGlobalSection
	GlobalSection(SolutionProperties) = preSolution
		HideSolutionNode = FALSE
	EndGlobalSection
	GlobalSection(ExtensibilityGlobals) = postSolution
		SolutionGuid = {14C93460-FDF4-4119-B996-C72C65D6B739}
	EndGlobalSection
EndGlobal
