
Microsoft Visual Studio Solution File, Format Version 12.00
# Visual Studio Version 16
VisualStudioVersion = 16.0.30709.132
MinimumVisualStudioVersion = 10.0.40219.1
Project("{FAE04EC0-301F-11D3-BF4B-00C04F79EFBC}") = "CurrencyConverter", "CurrencyConverter\CurrencyConverter.csproj", "{84CA8B7A-6F16-4D27-B2B9-F291DFAB87A2}"
EndProject
Global
	GlobalSection(SolutionConfigurationPlatforms) = preSolution
		Debug|Any CPU = Debug|Any CPU
		Release|Any CPU = Release|Any CPU
	EndGlobalSection
	GlobalSection(ProjectConfigurationPlatforms) = postSolution
		{84CA8B7A-6F16-4D27-B2B9-F291DFAB87A2}.Debug|Any CPU.ActiveCfg = Debug|Any CPU
		{84CA8B7A-6F16-4D27-B2B9-F291DFAB87A2}.Debug|Any CPU.Build.0 = Debug|Any CPU
		{84CA8B7A-6F16-4D27-B2B9-F291DFAB87A2}.Release|Any CPU.ActiveCfg = Release|Any CPU
		{84CA8B7A-6F16-4D27-B2B9-F291DFAB87A2}.Release|Any CPU.Build.0 = Release|Any CPU
	EndGlobalSection
	GlobalSection(SolutionProperties) = preSolution
		HideSolutionNode = FALSE
	EndGlobalSection
	GlobalSection(ExtensibilityGlobals) = postSolution
		SolutionGuid = {0D657138-2650-43E8-B461-4AA9DDFCAA6C}
	EndGlobalSection
EndGlobal
