
Microsoft Visual Studio Solution File, Format Version 12.00
# Visual Studio Version 16
VisualStudioVersion = 16.0.30709.132
MinimumVisualStudioVersion = 10.0.40219.1
Project("{FAE04EC0-301F-11D3-BF4B-00C04F79EFBC}") = "PageHandlers", "PageHandlers\PageHandlers.csproj", "{93CD509B-C6F9-4860-804A-031B454FF977}"
EndProject
Global
	GlobalSection(SolutionConfigurationPlatforms) = preSolution
		Debug|Any CPU = Debug|Any CPU
		Release|Any CPU = Release|Any CPU
	EndGlobalSection
	GlobalSection(ProjectConfigurationPlatforms) = postSolution
		{93CD509B-C6F9-4860-804A-031B454FF977}.Debug|Any CPU.ActiveCfg = Debug|Any CPU
		{93CD509B-C6F9-4860-804A-031B454FF977}.Debug|Any CPU.Build.0 = Debug|Any CPU
		{93CD509B-C6F9-4860-804A-031B454FF977}.Release|Any CPU.ActiveCfg = Release|Any CPU
		{93CD509B-C6F9-4860-804A-031B454FF977}.Release|Any CPU.Build.0 = Release|Any CPU
	EndGlobalSection
	GlobalSection(SolutionProperties) = preSolution
		HideSolutionNode = FALSE
	EndGlobalSection
	GlobalSection(ExtensibilityGlobals) = postSolution
		SolutionGuid = {45CC9CC8-3048-4342-AE37-AC321DE09A4F}
	EndGlobalSection
EndGlobal
