
Microsoft Visual Studio Solution File, Format Version 12.00
# Visual Studio Version 16
VisualStudioVersion = 16.0.30709.132
MinimumVisualStudioVersion = 10.0.40219.1
Project("{FAE04EC0-301F-11D3-BF4B-00C04F79EFBC}") = "RecipeApplication", "RecipeApplication\RecipeApplication.csproj", "{10204B3E-BA12-4BC4-B2FB-CD402ADB61EE}"
EndProject
Global
	GlobalSection(SolutionConfigurationPlatforms) = preSolution
		Debug|Any CPU = Debug|Any CPU
		Release|Any CPU = Release|Any CPU
	EndGlobalSection
	GlobalSection(ProjectConfigurationPlatforms) = postSolution
		{10204B3E-BA12-4BC4-B2FB-CD402ADB61EE}.Debug|Any CPU.ActiveCfg = Debug|Any CPU
		{10204B3E-BA12-4BC4-B2FB-CD402ADB61EE}.Debug|Any CPU.Build.0 = Debug|Any CPU
		{10204B3E-BA12-4BC4-B2FB-CD402ADB61EE}.Release|Any CPU.ActiveCfg = Release|Any CPU
		{10204B3E-BA12-4BC4-B2FB-CD402ADB61EE}.Release|Any CPU.Build.0 = Release|Any CPU
	EndGlobalSection
	GlobalSection(SolutionProperties) = preSolution
		HideSolutionNode = FALSE
	EndGlobalSection
	GlobalSection(ExtensibilityGlobals) = postSolution
		SolutionGuid = {E6ACD112-3BD1-4EE2-BA1A-C2DF030FE0A6}
	EndGlobalSection
EndGlobal
