
Microsoft Visual Studio Solution File, Format Version 12.00
# Visual Studio Version 16
VisualStudioVersion = 16.0.30128.74
MinimumVisualStudioVersion = 10.0.40219.1
Project("{FAE04EC0-301F-11D3-BF4B-00C04F79EFBC}") = "LamarExample", "LamarExample\LamarExample.csproj", "{28A7B001-5D21-4E55-AC76-CBA3E103F9EE}"
EndProject
Global
	GlobalSection(SolutionConfigurationPlatforms) = preSolution
		Debug|Any CPU = Debug|Any CPU
		Release|Any CPU = Release|Any CPU
	EndGlobalSection
	GlobalSection(ProjectConfigurationPlatforms) = postSolution
		{28A7B001-5D21-4E55-AC76-CBA3E103F9EE}.Debug|Any CPU.ActiveCfg = Debug|Any CPU
		{28A7B001-5D21-4E55-AC76-CBA3E103F9EE}.Debug|Any CPU.Build.0 = Debug|Any CPU
		{28A7B001-5D21-4E55-AC76-CBA3E103F9EE}.Release|Any CPU.ActiveCfg = Release|Any CPU
		{28A7B001-5D21-4E55-AC76-CBA3E103F9EE}.Release|Any CPU.Build.0 = Release|Any CPU
	EndGlobalSection
	GlobalSection(SolutionProperties) = preSolution
		HideSolutionNode = FALSE
	EndGlobalSection
	GlobalSection(ExtensibilityGlobals) = postSolution
		SolutionGuid = {275204AE-6111-4DBC-9836-F2E5FE46BB2A}
	EndGlobalSection
EndGlobal
