
Microsoft Visual Studio Solution File, Format Version 12.00
# Visual Studio Version 16
VisualStudioVersion = 16.0.29920.165
MinimumVisualStudioVersion = 10.0.40219.1
Project("{FAE04EC0-301F-11D3-BF4B-00C04F79EFBC}") = "SimpleCurrencyConverterBindings", "SimpleCurrencyConverterBindings\SimpleCurrencyConverterBindings.csproj", "{2E61F8C8-AEC6-4AFB-B46B-7DBA42C12F17}"
EndProject
Global
	GlobalSection(SolutionConfigurationPlatforms) = preSolution
		Debug|Any CPU = Debug|Any CPU
		Release|Any CPU = Release|Any CPU
	EndGlobalSection
	GlobalSection(ProjectConfigurationPlatforms) = postSolution
		{2E61F8C8-AEC6-4AFB-B46B-7DBA42C12F17}.Debug|Any CPU.ActiveCfg = Debug|Any CPU
		{2E61F8C8-AEC6-4AFB-B46B-7DBA42C12F17}.Debug|Any CPU.Build.0 = Debug|Any CPU
		{2E61F8C8-AEC6-4AFB-B46B-7DBA42C12F17}.Release|Any CPU.ActiveCfg = Release|Any CPU
		{2E61F8C8-AEC6-4AFB-B46B-7DBA42C12F17}.Release|Any CPU.Build.0 = Release|Any CPU
	EndGlobalSection
	GlobalSection(SolutionProperties) = preSolution
		HideSolutionNode = FALSE
	EndGlobalSection
	GlobalSection(ExtensibilityGlobals) = postSolution
		SolutionGuid = {92006EFD-C7E4-40C7-B62D-D7D77F9D7936}
	EndGlobalSection
EndGlobal
