
Microsoft Visual Studio Solution File, Format Version 12.00
# Visual Studio Version 16
VisualStudioVersion = 16.0.30709.132
MinimumVisualStudioVersion = 10.0.40219.1
Project("{FAE04EC0-301F-11D3-BF4B-00C04F79EFBC}") = "PartialViews", "PartialViews\PartialViews.csproj", "{9C20D667-E7EB-4960-9019-F3D5A07D27B9}"
EndProject
Global
	GlobalSection(SolutionConfigurationPlatforms) = preSolution
		Debug|Any CPU = Debug|Any CPU
		Release|Any CPU = Release|Any CPU
	EndGlobalSection
	GlobalSection(ProjectConfigurationPlatforms) = postSolution
		{9C20D667-E7EB-4960-9019-F3D5A07D27B9}.Debug|Any CPU.ActiveCfg = Debug|Any CPU
		{9C20D667-E7EB-4960-9019-F3D5A07D27B9}.Debug|Any CPU.Build.0 = Debug|Any CPU
		{9C20D667-E7EB-4960-9019-F3D5A07D27B9}.Release|Any CPU.ActiveCfg = Release|Any CPU
		{9C20D667-E7EB-4960-9019-F3D5A07D27B9}.Release|Any CPU.Build.0 = Release|Any CPU
	EndGlobalSection
	GlobalSection(SolutionProperties) = preSolution
		HideSolutionNode = FALSE
	EndGlobalSection
	GlobalSection(ExtensibilityGlobals) = postSolution
		SolutionGuid = {9C65DD3F-36AB-45DB-97B8-9884C105550E}
	EndGlobalSection
EndGlobal
