
Microsoft Visual Studio Solution File, Format Version 12.00
# Visual Studio Version 16
VisualStudioVersion = 16.0.30709.132
MinimumVisualStudioVersion = 10.0.40219.1
Project("{FAE04EC0-301F-11D3-BF4B-00C04F79EFBC}") = "DesigningForAutomaticBinding", "DesigningForAutomaticBinding\DesigningForAutomaticBinding.csproj", "{E51B6C6D-9EE1-48BE-BD26-B51E56E5A74C}"
EndProject
Global
	GlobalSection(SolutionConfigurationPlatforms) = preSolution
		Debug|Any CPU = Debug|Any CPU
		Release|Any CPU = Release|Any CPU
	EndGlobalSection
	GlobalSection(ProjectConfigurationPlatforms) = postSolution
		{E51B6C6D-9EE1-48BE-BD26-B51E56E5A74C}.Debug|Any CPU.ActiveCfg = Debug|Any CPU
		{E51B6C6D-9EE1-48BE-BD26-B51E56E5A74C}.Debug|Any CPU.Build.0 = Debug|Any CPU
		{E51B6C6D-9EE1-48BE-BD26-B51E56E5A74C}.Release|Any CPU.ActiveCfg = Release|Any CPU
		{E51B6C6D-9EE1-48BE-BD26-B51E56E5A74C}.Release|Any CPU.Build.0 = Release|Any CPU
	EndGlobalSection
	GlobalSection(SolutionProperties) = preSolution
		HideSolutionNode = FALSE
	EndGlobalSection
	GlobalSection(ExtensibilityGlobals) = postSolution
		SolutionGuid = {33551CC3-E490-4D77-91DA-F4476DBB55E6}
	EndGlobalSection
EndGlobal
