
Microsoft Visual Studio Solution File, Format Version 12.00
# Visual Studio Version 16
VisualStudioVersion = 16.0.30128.74
MinimumVisualStudioVersion = 10.0.40219.1
Project("{FAE04EC0-301F-11D3-BF4B-00C04F79EFBC}") = "CrossSiteScripting", "CrossSiteScripting\CrossSiteScripting.csproj", "{22C40F9E-6E85-4912-AE33-935DF54C8F6D}"
EndProject
Global
	GlobalSection(SolutionConfigurationPlatforms) = preSolution
		Debug|Any CPU = Debug|Any CPU
		Release|Any CPU = Release|Any CPU
	EndGlobalSection
	GlobalSection(ProjectConfigurationPlatforms) = postSolution
		{22C40F9E-6E85-4912-AE33-935DF54C8F6D}.Debug|Any CPU.ActiveCfg = Debug|Any CPU
		{22C40F9E-6E85-4912-AE33-935DF54C8F6D}.Debug|Any CPU.Build.0 = Debug|Any CPU
		{22C40F9E-6E85-4912-AE33-935DF54C8F6D}.Release|Any CPU.ActiveCfg = Release|Any CPU
		{22C40F9E-6E85-4912-AE33-935DF54C8F6D}.Release|Any CPU.Build.0 = Release|Any CPU
	EndGlobalSection
	GlobalSection(SolutionProperties) = preSolution
		HideSolutionNode = FALSE
	EndGlobalSection
	GlobalSection(ExtensibilityGlobals) = postSolution
		SolutionGuid = {5B463919-F381-44A5-ABE8-CB0FF8A3D0D6}
	EndGlobalSection
EndGlobal
