
Microsoft Visual Studio Solution File, Format Version 12.00
# Visual Studio Version 16
VisualStudioVersion = 16.0.30709.132
MinimumVisualStudioVersion = 10.0.40219.1
Project("{FAE04EC0-301F-11D3-BF4B-00C04F79EFBC}") = "RazorPageFormLayout", "RazorPageFormLayout\RazorPageFormLayout.csproj", "{6D47DD8F-00EB-4FA4-A82B-E2BA28BBBDB0}"
EndProject
Global
	GlobalSection(SolutionConfigurationPlatforms) = preSolution
		Debug|Any CPU = Debug|Any CPU
		Release|Any CPU = Release|Any CPU
	EndGlobalSection
	GlobalSection(ProjectConfigurationPlatforms) = postSolution
		{6D47DD8F-00EB-4FA4-A82B-E2BA28BBBDB0}.Debug|Any CPU.ActiveCfg = Debug|Any CPU
		{6D47DD8F-00EB-4FA4-A82B-E2BA28BBBDB0}.Debug|Any CPU.Build.0 = Debug|Any CPU
		{6D47DD8F-00EB-4FA4-A82B-E2BA28BBBDB0}.Release|Any CPU.ActiveCfg = Release|Any CPU
		{6D47DD8F-00EB-4FA4-A82B-E2BA28BBBDB0}.Release|Any CPU.Build.0 = Release|Any CPU
	EndGlobalSection
	GlobalSection(SolutionProperties) = preSolution
		HideSolutionNode = FALSE
	EndGlobalSection
	GlobalSection(ExtensibilityGlobals) = postSolution
		SolutionGuid = {B5679414-1D5A-4AC0-A7AC-5E397CED348E}
	EndGlobalSection
EndGlobal
