
Microsoft Visual Studio Solution File, Format Version 12.00
# Visual Studio Version 16
VisualStudioVersion = 16.0.30309.148
MinimumVisualStudioVersion = 10.0.40219.1
Project("{FAE04EC0-301F-11D3-BF4B-00C04F79EFBC}") = "SocketExhaustion", "SocketExhaustion\SocketExhaustion.csproj", "{906171D0-2025-4DC1-B2C1-835644BCDD68}"
EndProject
Global
	GlobalSection(SolutionConfigurationPlatforms) = preSolution
		Debug|Any CPU = Debug|Any CPU
		Release|Any CPU = Release|Any CPU
	EndGlobalSection
	GlobalSection(ProjectConfigurationPlatforms) = postSolution
		{906171D0-2025-4DC1-B2C1-835644BCDD68}.Debug|Any CPU.ActiveCfg = Debug|Any CPU
		{906171D0-2025-4DC1-B2C1-835644BCDD68}.Debug|Any CPU.Build.0 = Debug|Any CPU
		{906171D0-2025-4DC1-B2C1-835644BCDD68}.Release|Any CPU.ActiveCfg = Release|Any CPU
		{906171D0-2025-4DC1-B2C1-835644BCDD68}.Release|Any CPU.Build.0 = Release|Any CPU
	EndGlobalSection
	GlobalSection(SolutionProperties) = preSolution
		HideSolutionNode = FALSE
	EndGlobalSection
	GlobalSection(ExtensibilityGlobals) = postSolution
		SolutionGuid = {A8E457F4-02AD-4225-BBC4-F3AD859F710C}
	EndGlobalSection
EndGlobal
