
Microsoft Visual Studio Solution File, Format Version 12.00
# Visual Studio Version 16
VisualStudioVersion = 16.0.30011.22
MinimumVisualStudioVersion = 10.0.40219.1
Project("{FAE04EC0-301F-11D3-BF4B-00C04F79EFBC}") = "UsingApiControllerAttribute", "UsingApiControllerAttribute\UsingApiControllerAttribute.csproj", "{AC8BCF73-BB90-4FF1-A79E-CBAB3CEEB8CF}"
EndProject
Global
	GlobalSection(SolutionConfigurationPlatforms) = preSolution
		Debug|Any CPU = Debug|Any CPU
		Release|Any CPU = Release|Any CPU
	EndGlobalSection
	GlobalSection(ProjectConfigurationPlatforms) = postSolution
		{AC8BCF73-BB90-4FF1-A79E-CBAB3CEEB8CF}.Debug|Any CPU.ActiveCfg = Debug|Any CPU
		{AC8BCF73-BB90-4FF1-A79E-CBAB3CEEB8CF}.Debug|Any CPU.Build.0 = Debug|Any CPU
		{AC8BCF73-BB90-4FF1-A79E-CBAB3CEEB8CF}.Release|Any CPU.ActiveCfg = Release|Any CPU
		{AC8BCF73-BB90-4FF1-A79E-CBAB3CEEB8CF}.Release|Any CPU.Build.0 = Release|Any CPU
	EndGlobalSection
	GlobalSection(SolutionProperties) = preSolution
		HideSolutionNode = FALSE
	EndGlobalSection
	GlobalSection(ExtensibilityGlobals) = postSolution
		SolutionGuid = {3DB6DACE-8D69-4427-85B9-7AA6CFABC953}
	EndGlobalSection
EndGlobal
