
Microsoft Visual Studio Solution File, Format Version 12.00
# Visual Studio Version 16
VisualStudioVersion = 16.0.30709.132
MinimumVisualStudioVersion = 10.0.40219.1
Project("{FAE04EC0-301F-11D3-BF4B-00C04F79EFBC}") = "UsingApiControllerAttribute", "UsingApiControllerAttribute\UsingApiControllerAttribute.csproj", "{FA7F7781-2569-4F30-AB39-3C91C844439D}"
EndProject
Global
	GlobalSection(SolutionConfigurationPlatforms) = preSolution
		Debug|Any CPU = Debug|Any CPU
		Release|Any CPU = Release|Any CPU
	EndGlobalSection
	GlobalSection(ProjectConfigurationPlatforms) = postSolution
		{FA7F7781-2569-4F30-AB39-3C91C844439D}.Debug|Any CPU.ActiveCfg = Debug|Any CPU
		{FA7F7781-2569-4F30-AB39-3C91C844439D}.Debug|Any CPU.Build.0 = Debug|Any CPU
		{FA7F7781-2569-4F30-AB39-3C91C844439D}.Release|Any CPU.ActiveCfg = Release|Any CPU
		{FA7F7781-2569-4F30-AB39-3C91C844439D}.Release|Any CPU.Build.0 = Release|Any CPU
	EndGlobalSection
	GlobalSection(SolutionProperties) = preSolution
		HideSolutionNode = FALSE
	EndGlobalSection
	GlobalSection(ExtensibilityGlobals) = postSolution
		SolutionGuid = {B516AE0C-4835-4AC0-AFF2-B767B26F8C70}
	EndGlobalSection
EndGlobal
