
Microsoft Visual Studio Solution File, Format Version 12.00
# Visual Studio Version 16
VisualStudioVersion = 16.0.29911.84
MinimumVisualStudioVersion = 10.0.40219.1
Project("{9A19103F-16F7-4668-BE54-9A1E7A4F7556}") = "RoutingExample", "RoutingExample\RoutingExample.csproj", "{6B79DDD0-1917-42A5-859F-83E2CBF8ED16}"
EndProject
Global
	GlobalSection(SolutionConfigurationPlatforms) = preSolution
		Debug|Any CPU = Debug|Any CPU
		Release|Any CPU = Release|Any CPU
	EndGlobalSection
	GlobalSection(ProjectConfigurationPlatforms) = postSolution
		{6B79DDD0-1917-42A5-859F-83E2CBF8ED16}.Debug|Any CPU.ActiveCfg = Debug|Any CPU
		{6B79DDD0-1917-42A5-859F-83E2CBF8ED16}.Debug|Any CPU.Build.0 = Debug|Any CPU
		{6B79DDD0-1917-42A5-859F-83E2CBF8ED16}.Release|Any CPU.ActiveCfg = Release|Any CPU
		{6B79DDD0-1917-42A5-859F-83E2CBF8ED16}.Release|Any CPU.Build.0 = Release|Any CPU
	EndGlobalSection
	GlobalSection(SolutionProperties) = preSolution
		HideSolutionNode = FALSE
	EndGlobalSection
	GlobalSection(ExtensibilityGlobals) = postSolution
		SolutionGuid = {C2D429C7-F566-4996-9CCA-56F625006228}
	EndGlobalSection
EndGlobal
