
Microsoft Visual Studio Solution File, Format Version 12.00
# Visual Studio Version 16
VisualStudioVersion = 16.0.30709.132
MinimumVisualStudioVersion = 10.0.40219.1
Project("{FAE04EC0-301F-11D3-BF4B-00C04F79EFBC}") = "SelectLists", "SelectLists\SelectLists.csproj", "{F5B12B43-110E-45FF-9D1B-DC727C08634B}"
EndProject
Global
	GlobalSection(SolutionConfigurationPlatforms) = preSolution
		Debug|Any CPU = Debug|Any CPU
		Release|Any CPU = Release|Any CPU
	EndGlobalSection
	GlobalSection(ProjectConfigurationPlatforms) = postSolution
		{F5B12B43-110E-45FF-9D1B-DC727C08634B}.Debug|Any CPU.ActiveCfg = Debug|Any CPU
		{F5B12B43-110E-45FF-9D1B-DC727C08634B}.Debug|Any CPU.Build.0 = Debug|Any CPU
		{F5B12B43-110E-45FF-9D1B-DC727C08634B}.Release|Any CPU.ActiveCfg = Release|Any CPU
		{F5B12B43-110E-45FF-9D1B-DC727C08634B}.Release|Any CPU.Build.0 = Release|Any CPU
	EndGlobalSection
	GlobalSection(SolutionProperties) = preSolution
		HideSolutionNode = FALSE
	EndGlobalSection
	GlobalSection(ExtensibilityGlobals) = postSolution
		SolutionGuid = {925DE86C-DF61-452D-972A-38357A9C4352}
	EndGlobalSection
EndGlobal
