
Microsoft Visual Studio Solution File, Format Version 12.00
# Visual Studio Version 16
VisualStudioVersion = 16.0.29920.165
MinimumVisualStudioVersion = 10.0.40219.1
Project("{FAE04EC0-301F-11D3-BF4B-00C04F79EFBC}") = "SelectLists", "SelectLists\SelectLists.csproj", "{7442E51B-EE6F-4D48-9B52-668C96C11453}"
EndProject
Global
	GlobalSection(SolutionConfigurationPlatforms) = preSolution
		Debug|Any CPU = Debug|Any CPU
		Release|Any CPU = Release|Any CPU
	EndGlobalSection
	GlobalSection(ProjectConfigurationPlatforms) = postSolution
		{7442E51B-EE6F-4D48-9B52-668C96C11453}.Debug|Any CPU.ActiveCfg = Debug|Any CPU
		{7442E51B-EE6F-4D48-9B52-668C96C11453}.Debug|Any CPU.Build.0 = Debug|Any CPU
		{7442E51B-EE6F-4D48-9B52-668C96C11453}.Release|Any CPU.ActiveCfg = Release|Any CPU
		{7442E51B-EE6F-4D48-9B52-668C96C11453}.Release|Any CPU.Build.0 = Release|Any CPU
	EndGlobalSection
	GlobalSection(SolutionProperties) = preSolution
		HideSolutionNode = FALSE
	EndGlobalSection
	GlobalSection(ExtensibilityGlobals) = postSolution
		SolutionGuid = {35429109-4FA1-48D8-B6FE-A7CC3C63FBB7}
	EndGlobalSection
EndGlobal
