
Microsoft Visual Studio Solution File, Format Version 12.00
# Visual Studio Version 16
VisualStudioVersion = 16.0.29920.165
MinimumVisualStudioVersion = 10.0.40219.1
Project("{FAE04EC0-301F-11D3-BF4B-00C04F79EFBC}") = "EnvironmentTag", "EnvironmentTag\EnvironmentTag.csproj", "{178C22BA-98BD-4903-AF4A-EBAB8CEF452E}"
EndProject
Global
	GlobalSection(SolutionConfigurationPlatforms) = preSolution
		Debug|Any CPU = Debug|Any CPU
		Release|Any CPU = Release|Any CPU
	EndGlobalSection
	GlobalSection(ProjectConfigurationPlatforms) = postSolution
		{178C22BA-98BD-4903-AF4A-EBAB8CEF452E}.Debug|Any CPU.ActiveCfg = Debug|Any CPU
		{178C22BA-98BD-4903-AF4A-EBAB8CEF452E}.Debug|Any CPU.Build.0 = Debug|Any CPU
		{178C22BA-98BD-4903-AF4A-EBAB8CEF452E}.Release|Any CPU.ActiveCfg = Release|Any CPU
		{178C22BA-98BD-4903-AF4A-EBAB8CEF452E}.Release|Any CPU.Build.0 = Release|Any CPU
	EndGlobalSection
	GlobalSection(SolutionProperties) = preSolution
		HideSolutionNode = FALSE
	EndGlobalSection
	GlobalSection(ExtensibilityGlobals) = postSolution
		SolutionGuid = {3FE82E78-59EA-4F13-8CCC-06165A34B2D3}
	EndGlobalSection
EndGlobal
