
Microsoft Visual Studio Solution File, Format Version 12.00
# Visual Studio Version 16
VisualStudioVersion = 16.0.30011.22
MinimumVisualStudioVersion = 10.0.40219.1
Project("{FAE04EC0-301F-11D3-BF4B-00C04F79EFBC}") = "RecipeApplication", "RecipeApplication\RecipeApplication.csproj", "{4F768754-FDDE-4F30-AD53-C2BCE2552FC2}"
EndProject
Global
	GlobalSection(SolutionConfigurationPlatforms) = preSolution
		Debug|Any CPU = Debug|Any CPU
		Release|Any CPU = Release|Any CPU
	EndGlobalSection
	GlobalSection(ProjectConfigurationPlatforms) = postSolution
		{4F768754-FDDE-4F30-AD53-C2BCE2552FC2}.Debug|Any CPU.ActiveCfg = Debug|Any CPU
		{4F768754-FDDE-4F30-AD53-C2BCE2552FC2}.Debug|Any CPU.Build.0 = Debug|Any CPU
		{4F768754-FDDE-4F30-AD53-C2BCE2552FC2}.Release|Any CPU.ActiveCfg = Release|Any CPU
		{4F768754-FDDE-4F30-AD53-C2BCE2552FC2}.Release|Any CPU.Build.0 = Release|Any CPU
	EndGlobalSection
	GlobalSection(SolutionProperties) = preSolution
		HideSolutionNode = FALSE
	EndGlobalSection
	GlobalSection(ExtensibilityGlobals) = postSolution
		SolutionGuid = {26CF14B1-1E31-49CC-8122-C759ED56E5F2}
	EndGlobalSection
EndGlobal
