
Microsoft Visual Studio Solution File, Format Version 12.00
# Visual Studio Version 16
VisualStudioVersion = 16.0.30011.22
MinimumVisualStudioVersion = 10.0.40219.1
Project("{9A19103F-16F7-4668-BE54-9A1E7A4F7556}") = "RecipeApplication", "RecipeApplication\RecipeApplication.csproj", "{710BEBFC-86EB-4CC0-8C65-B8419D6179A2}"
EndProject
Global
	GlobalSection(SolutionConfigurationPlatforms) = preSolution
		Debug|Any CPU = Debug|Any CPU
		Release|Any CPU = Release|Any CPU
	EndGlobalSection
	GlobalSection(ProjectConfigurationPlatforms) = postSolution
		{710BEBFC-86EB-4CC0-8C65-B8419D6179A2}.Debug|Any CPU.ActiveCfg = Debug|Any CPU
		{710BEBFC-86EB-4CC0-8C65-B8419D6179A2}.Debug|Any CPU.Build.0 = Debug|Any CPU
		{710BEBFC-86EB-4CC0-8C65-B8419D6179A2}.Release|Any CPU.ActiveCfg = Release|Any CPU
		{710BEBFC-86EB-4CC0-8C65-B8419D6179A2}.Release|Any CPU.Build.0 = Release|Any CPU
	EndGlobalSection
	GlobalSection(SolutionProperties) = preSolution
		HideSolutionNode = FALSE
	EndGlobalSection
	GlobalSection(ExtensibilityGlobals) = postSolution
		SolutionGuid = {EAC3E9A1-270B-4DBB-B695-AAD46C77D2BA}
	EndGlobalSection
EndGlobal
