
Microsoft Visual Studio Solution File, Format Version 12.00
# Visual Studio Version 16
VisualStudioVersion = 16.0.30011.22
MinimumVisualStudioVersion = 10.0.40219.1
Project("{FAE04EC0-301F-11D3-BF4B-00C04F79EFBC}") = "SendingAnEmailWithoutDI", "SendingAnEmailWithoutDI\SendingAnEmailWithoutDI.csproj", "{417C714E-650D-4E96-B6F4-BA63242B613D}"
EndProject
Global
	GlobalSection(SolutionConfigurationPlatforms) = preSolution
		Debug|Any CPU = Debug|Any CPU
		Release|Any CPU = Release|Any CPU
	EndGlobalSection
	GlobalSection(ProjectConfigurationPlatforms) = postSolution
		{417C714E-650D-4E96-B6F4-BA63242B613D}.Debug|Any CPU.ActiveCfg = Debug|Any CPU
		{417C714E-650D-4E96-B6F4-BA63242B613D}.Debug|Any CPU.Build.0 = Debug|Any CPU
		{417C714E-650D-4E96-B6F4-BA63242B613D}.Release|Any CPU.ActiveCfg = Release|Any CPU
		{417C714E-650D-4E96-B6F4-BA63242B613D}.Release|Any CPU.Build.0 = Release|Any CPU
	EndGlobalSection
	GlobalSection(SolutionProperties) = preSolution
		HideSolutionNode = FALSE
	EndGlobalSection
	GlobalSection(ExtensibilityGlobals) = postSolution
		SolutionGuid = {B86F9CB9-123C-45A0-95E3-902ED36445DF}
	EndGlobalSection
EndGlobal
