
Microsoft Visual Studio Solution File, Format Version 12.00
# Visual Studio Version 16
VisualStudioVersion = 16.0.30011.22
MinimumVisualStudioVersion = 10.0.40219.1
Project("{FAE04EC0-301F-11D3-BF4B-00C04F79EFBC}") = "InjectingMultipleServices", "InjectingMultipleImplementations\InjectingMultipleServices.csproj", "{87C1397E-FE9E-47C2-8FE0-B4049F50E052}"
EndProject
Global
	GlobalSection(SolutionConfigurationPlatforms) = preSolution
		Debug|Any CPU = Debug|Any CPU
		Release|Any CPU = Release|Any CPU
	EndGlobalSection
	GlobalSection(ProjectConfigurationPlatforms) = postSolution
		{87C1397E-FE9E-47C2-8FE0-B4049F50E052}.Debug|Any CPU.ActiveCfg = Debug|Any CPU
		{87C1397E-FE9E-47C2-8FE0-B4049F50E052}.Debug|Any CPU.Build.0 = Debug|Any CPU
		{87C1397E-FE9E-47C2-8FE0-B4049F50E052}.Release|Any CPU.ActiveCfg = Release|Any CPU
		{87C1397E-FE9E-47C2-8FE0-B4049F50E052}.Release|Any CPU.Build.0 = Release|Any CPU
	EndGlobalSection
	GlobalSection(SolutionProperties) = preSolution
		HideSolutionNode = FALSE
	EndGlobalSection
	GlobalSection(ExtensibilityGlobals) = postSolution
		SolutionGuid = {3718F755-98B7-4B80-A08B-F7653EE6E311}
	EndGlobalSection
EndGlobal
