
Microsoft Visual Studio Solution File, Format Version 12.00
# Visual Studio Version 16
VisualStudioVersion = 16.0.30128.74
MinimumVisualStudioVersion = 10.0.40219.1
Project("{FAE04EC0-301F-11D3-BF4B-00C04F79EFBC}") = "SeqLogger", "SeqLogger\SeqLogger.csproj", "{3D2C501D-8A6C-410F-8CF6-70380553F017}"
EndProject
Global
	GlobalSection(SolutionConfigurationPlatforms) = preSolution
		Debug|Any CPU = Debug|Any CPU
		Release|Any CPU = Release|Any CPU
	EndGlobalSection
	GlobalSection(ProjectConfigurationPlatforms) = postSolution
		{3D2C501D-8A6C-410F-8CF6-70380553F017}.Debug|Any CPU.ActiveCfg = Debug|Any CPU
		{3D2C501D-8A6C-410F-8CF6-70380553F017}.Debug|Any CPU.Build.0 = Debug|Any CPU
		{3D2C501D-8A6C-410F-8CF6-70380553F017}.Release|Any CPU.ActiveCfg = Release|Any CPU
		{3D2C501D-8A6C-410F-8CF6-70380553F017}.Release|Any CPU.Build.0 = Release|Any CPU
	EndGlobalSection
	GlobalSection(SolutionProperties) = preSolution
		HideSolutionNode = FALSE
	EndGlobalSection
	GlobalSection(ExtensibilityGlobals) = postSolution
		SolutionGuid = {400CFDDA-BCB7-42F9-8E29-B6AD62F216DE}
	EndGlobalSection
EndGlobal
