
Microsoft Visual Studio Solution File, Format Version 12.00
# Visual Studio Version 16
VisualStudioVersion = 16.0.29806.167
MinimumVisualStudioVersion = 10.0.40219.1
Project("{FAE04EC0-301F-11D3-BF4B-00C04F79EFBC}") = "AddingRazorPagesToEmptyProject", "AddingRazorPagesToEmptyProject\AddingRazorPagesToEmptyProject.csproj", "{FE984F41-F270-4DBD-A22A-90235A08952B}"
EndProject
Global
	GlobalSection(SolutionConfigurationPlatforms) = preSolution
		Debug|Any CPU = Debug|Any CPU
		Release|Any CPU = Release|Any CPU
	EndGlobalSection
	GlobalSection(ProjectConfigurationPlatforms) = postSolution
		{FE984F41-F270-4DBD-A22A-90235A08952B}.Debug|Any CPU.ActiveCfg = Debug|Any CPU
		{FE984F41-F270-4DBD-A22A-90235A08952B}.Debug|Any CPU.Build.0 = Debug|Any CPU
		{FE984F41-F270-4DBD-A22A-90235A08952B}.Release|Any CPU.ActiveCfg = Release|Any CPU
		{FE984F41-F270-4DBD-A22A-90235A08952B}.Release|Any CPU.Build.0 = Release|Any CPU
	EndGlobalSection
	GlobalSection(SolutionProperties) = preSolution
		HideSolutionNode = FALSE
	EndGlobalSection
	GlobalSection(ExtensibilityGlobals) = postSolution
		SolutionGuid = {641B5AAF-45E7-4A6E-A6A1-EABEC8DBB13B}
	EndGlobalSection
EndGlobal
