
Microsoft Visual Studio Solution File, Format Version 12.00
# Visual Studio Version 16
VisualStudioVersion = 16.0.30011.22
MinimumVisualStudioVersion = 10.0.40219.1
Project("{FAE04EC0-301F-11D3-BF4B-00C04F79EFBC}") = "DefaultMvcProject", "DefaultMvcProject\DefaultMvcProject.csproj", "{D2871D3F-CBA4-4B86-810A-6347C1140DD4}"
EndProject
Global
	GlobalSection(SolutionConfigurationPlatforms) = preSolution
		Debug|Any CPU = Debug|Any CPU
		Release|Any CPU = Release|Any CPU
	EndGlobalSection
	GlobalSection(ProjectConfigurationPlatforms) = postSolution
		{D2871D3F-CBA4-4B86-810A-6347C1140DD4}.Debug|Any CPU.ActiveCfg = Debug|Any CPU
		{D2871D3F-CBA4-4B86-810A-6347C1140DD4}.Debug|Any CPU.Build.0 = Debug|Any CPU
		{D2871D3F-CBA4-4B86-810A-6347C1140DD4}.Release|Any CPU.ActiveCfg = Release|Any CPU
		{D2871D3F-CBA4-4B86-810A-6347C1140DD4}.Release|Any CPU.Build.0 = Release|Any CPU
	EndGlobalSection
	GlobalSection(SolutionProperties) = preSolution
		HideSolutionNode = FALSE
	EndGlobalSection
	GlobalSection(ExtensibilityGlobals) = postSolution
		SolutionGuid = {43C5C73C-4467-49EE-B32E-571DF0C2CD2A}
	EndGlobalSection
EndGlobal
