
Microsoft Visual Studio Solution File, Format Version 12.00
# Visual Studio Version 16
VisualStudioVersion = 16.0.30709.132
MinimumVisualStudioVersion = 10.0.40219.1
Project("{FAE04EC0-301F-11D3-BF4B-00C04F79EFBC}") = "StatusCodePagesWithReExecute", "StatusCodePagesWithReExecute\StatusCodePagesWithReExecute.csproj", "{E8C95B1E-3790-4899-8DB4-3024FB99739B}"
EndProject
Global
	GlobalSection(SolutionConfigurationPlatforms) = preSolution
		Debug|Any CPU = Debug|Any CPU
		Release|Any CPU = Release|Any CPU
	EndGlobalSection
	GlobalSection(ProjectConfigurationPlatforms) = postSolution
		{E8C95B1E-3790-4899-8DB4-3024FB99739B}.Debug|Any CPU.ActiveCfg = Debug|Any CPU
		{E8C95B1E-3790-4899-8DB4-3024FB99739B}.Debug|Any CPU.Build.0 = Debug|Any CPU
		{E8C95B1E-3790-4899-8DB4-3024FB99739B}.Release|Any CPU.ActiveCfg = Release|Any CPU
		{E8C95B1E-3790-4899-8DB4-3024FB99739B}.Release|Any CPU.Build.0 = Release|Any CPU
	EndGlobalSection
	GlobalSection(SolutionProperties) = preSolution
		HideSolutionNode = FALSE
	EndGlobalSection
	GlobalSection(ExtensibilityGlobals) = postSolution
		SolutionGuid = {20CF1B99-5F74-41E7-AF69-F8B5D47AC471}
	EndGlobalSection
EndGlobal
