
Microsoft Visual Studio Solution File, Format Version 12.00
# Visual Studio Version 16
VisualStudioVersion = 16.0.30011.22
MinimumVisualStudioVersion = 10.0.40219.1
Project("{FAE04EC0-301F-11D3-BF4B-00C04F79EFBC}") = "SendingAnEmailWithDI", "SendingAnEmailWithDI\SendingAnEmailWithDI.csproj", "{0D52E116-CBEE-4EE3-8799-807A321DCD7B}"
EndProject
Global
	GlobalSection(SolutionConfigurationPlatforms) = preSolution
		Debug|Any CPU = Debug|Any CPU
		Release|Any CPU = Release|Any CPU
	EndGlobalSection
	GlobalSection(ProjectConfigurationPlatforms) = postSolution
		{0D52E116-CBEE-4EE3-8799-807A321DCD7B}.Debug|Any CPU.ActiveCfg = Debug|Any CPU
		{0D52E116-CBEE-4EE3-8799-807A321DCD7B}.Debug|Any CPU.Build.0 = Debug|Any CPU
		{0D52E116-CBEE-4EE3-8799-807A321DCD7B}.Release|Any CPU.ActiveCfg = Release|Any CPU
		{0D52E116-CBEE-4EE3-8799-807A321DCD7B}.Release|Any CPU.Build.0 = Release|Any CPU
	EndGlobalSection
	GlobalSection(SolutionProperties) = preSolution
		HideSolutionNode = FALSE
	EndGlobalSection
	GlobalSection(ExtensibilityGlobals) = postSolution
		SolutionGuid = {316D17A1-1117-49AD-AF1D-FD5030D906B4}
	EndGlobalSection
EndGlobal
